
Microsoft Visual Studio Solution File, Format Version 12.00
# Visual Studio 2013
VisualStudioVersion = 12.0.21005.1
MinimumVisualStudioVersion = 10.0.40219.1
Project("{8BC9CEB8-8B4A-11D0-8D11-00A0C91BC942}") = "7_4", "7_4\7_4.vcxproj", "{1AEA92A4-D154-454F-B27E-6BB70DF89C53}"
EndProject
Global
	GlobalSection(SolutionConfigurationPlatforms) = preSolution
		Debug|Win32 = Debug|Win32
		Release|Win32 = Release|Win32
	EndGlobalSection
	GlobalSection(ProjectConfigurationPlatforms) = postSolution
		{1AEA92A4-D154-454F-B27E-6BB70DF89C53}.Debug|Win32.ActiveCfg = Debug|Win32
		{1AEA92A4-D154-454F-B27E-6BB70DF89C53}.Debug|Win32.Build.0 = Debug|Win32
		{1AEA92A4-D154-454F-B27E-6BB70DF89C53}.Release|Win32.ActiveCfg = Release|Win32
		{1AEA92A4-D154-454F-B27E-6BB70DF89C53}.Release|Win32.Build.0 = Release|Win32
	EndGlobalSection
	GlobalSection(SolutionProperties) = preSolution
		HideSolutionNode = FALSE
	EndGlobalSection
EndGlobal
